{
  "name": "pii-sanitizer",
  "version": "0.0.1",
  "lockfileVersion": 1,
  "requires": true,
  "dependencies": {
    "logat": {
      "version": "1.0.11",
      "resolved": "http://meta.signzy.xyz:51609/logat/-/logat-1.0.11.tgz",
      "integrity": "sha512-3b5KNQ3z6E9WvBDYjwCAb1rBFdxq8A1LE8oCkOgrl38Kr+HCgCaWAwfMImZp0LCC3llNHp3JJkG1tSYuyhU1XA=="
    },
    "readline": {
      "version": "1.3.0",
      "resolved": "http://meta.signzy.xyz:51609/readline/-/readline-1.3.0.tgz",
      "integrity": "sha1-xYDXfvLPyHUrEySYBg3JeTp6wBw="
    }
  }
}
